
Microsoft Visual Studio Solution File, Format Version 12.00
# Visual Studio Version 16
VisualStudioVersion = 16.0.29920.165
MinimumVisualStudioVersion = 10.0.40219.1
Project("{888888A0-9F3D-457C-B088-3A5042F75D52}") = "interface", "interface\interface.pyproj", "{F8D28623-726A-428B-807C-8DE413FA65D8}"
EndProject
Project("{8BC9CEB8-8B4A-11D0-8D11-00A0C91BC942}") = "interface_core_cpp", "interface\interface\core\cpp\interface_core_cpp.vcxproj", "{3885BC2A-1C0C-43A1-BD47-AA4E2F1E9C0F}"
EndProject
Project("{8BC9CEB8-8B4A-11D0-8D11-00A0C91BC942}") = "interface_python_binding", "interface\interface\core\cpp\python_binding\interface_python_binding.vcxproj", "{A7416A2E-34EE-4DE2-84AC-12957D8BDA05}"
EndProject
Global
	GlobalSection(SolutionConfigurationPlatforms) = preSolution
		Debug|Any CPU = Debug|Any CPU
		Debug|x64 = Debug|x64
		Debug|x86 = Debug|x86
		Release|Any CPU = Release|Any CPU
		Release|x64 = Release|x64
		Release|x86 = Release|x86
	EndGlobalSection
	GlobalSection(ProjectConfigurationPlatforms) = postSolution
		{F8D28623-726A-428B-807C-8DE413FA65D8}.Debug|Any CPU.ActiveCfg = Debug|Any CPU
		{F8D28623-726A-428B-807C-8DE413FA65D8}.Debug|x64.ActiveCfg = Debug|Any CPU
		{F8D28623-726A-428B-807C-8DE413FA65D8}.Debug|x86.ActiveCfg = Debug|Any CPU
		{F8D28623-726A-428B-807C-8DE413FA65D8}.Release|Any CPU.ActiveCfg = Release|Any CPU
		{F8D28623-726A-428B-807C-8DE413FA65D8}.Release|x64.ActiveCfg = Release|Any CPU
		{F8D28623-726A-428B-807C-8DE413FA65D8}.Release|x86.ActiveCfg = Release|Any CPU
		{3885BC2A-1C0C-43A1-BD47-AA4E2F1E9C0F}.Debug|Any CPU.ActiveCfg = Debug|Win32
		{3885BC2A-1C0C-43A1-BD47-AA4E2F1E9C0F}.Debug|x64.ActiveCfg = Debug|x64
		{3885BC2A-1C0C-43A1-BD47-AA4E2F1E9C0F}.Debug|x64.Build.0 = Debug|x64
		{3885BC2A-1C0C-43A1-BD47-AA4E2F1E9C0F}.Debug|x86.ActiveCfg = Debug|Win32
		{3885BC2A-1C0C-43A1-BD47-AA4E2F1E9C0F}.Debug|x86.Build.0 = Debug|Win32
		{3885BC2A-1C0C-43A1-BD47-AA4E2F1E9C0F}.Release|Any CPU.ActiveCfg = Release|Win32
		{3885BC2A-1C0C-43A1-BD47-AA4E2F1E9C0F}.Release|x64.ActiveCfg = Release|x64
		{3885BC2A-1C0C-43A1-BD47-AA4E2F1E9C0F}.Release|x64.Build.0 = Release|x64
		{3885BC2A-1C0C-43A1-BD47-AA4E2F1E9C0F}.Release|x86.ActiveCfg = Release|Win32
		{3885BC2A-1C0C-43A1-BD47-AA4E2F1E9C0F}.Release|x86.Build.0 = Release|Win32
		{A7416A2E-34EE-4DE2-84AC-12957D8BDA05}.Debug|Any CPU.ActiveCfg = Debug|Win32
		{A7416A2E-34EE-4DE2-84AC-12957D8BDA05}.Debug|x64.ActiveCfg = Debug|x64
		{A7416A2E-34EE-4DE2-84AC-12957D8BDA05}.Debug|x64.Build.0 = Debug|x64
		{A7416A2E-34EE-4DE2-84AC-12957D8BDA05}.Debug|x86.ActiveCfg = Debug|Win32
		{A7416A2E-34EE-4DE2-84AC-12957D8BDA05}.Debug|x86.Build.0 = Debug|Win32
		{A7416A2E-34EE-4DE2-84AC-12957D8BDA05}.Release|Any CPU.ActiveCfg = Release|Win32
		{A7416A2E-34EE-4DE2-84AC-12957D8BDA05}.Release|x64.ActiveCfg = Release|x64
		{A7416A2E-34EE-4DE2-84AC-12957D8BDA05}.Release|x64.Build.0 = Release|x64
		{A7416A2E-34EE-4DE2-84AC-12957D8BDA05}.Release|x86.ActiveCfg = Release|Win32
		{A7416A2E-34EE-4DE2-84AC-12957D8BDA05}.Release|x86.Build.0 = Release|Win32
	EndGlobalSection
	GlobalSection(SolutionProperties) = preSolution
		HideSolutionNode = FALSE
	EndGlobalSection
	GlobalSection(ExtensibilityGlobals) = postSolution
		SolutionGuid = {57B508AF-FBEA-4629-B2E6-9790580C4C52}
	EndGlobalSection
EndGlobal
