<?xml version="1.0" encoding="utf-8"?>
<Project ToolsVersion="4.0" xmlns="http://schemas.microsoft.com/developer/msbuild/2003">
  <ItemGroup>
    <Filter Include="Source Files">
      <UniqueIdentifier>{4FC737F1-C7A5-4376-A066-2A32D752A2FF}</UniqueIdentifier>
      <Extensions>cpp;c;cc;cxx;c++;def;odl;idl;hpj;bat;asm;asmx</Extensions>
    </Filter>
    <Filter Include="Header Files">
      <UniqueIdentifier>{93995380-89BD-4b04-88EB-625FBE52EBFB}</UniqueIdentifier>
      <Extensions>h;hh;hpp;hxx;h++;hm;inl;inc;ipp;xsd</Extensions>
    </Filter>
    <Filter Include="Resource Files">
      <UniqueIdentifier>{67DA6AB6-F800-4c08-8B7A-83BB121AAD01}</UniqueIdentifier>
      <Extensions>rc;ico;cur;bmp;dlg;rc2;rct;bin;rgs;gif;jpg;jpeg;jpe;resx;tiff;tif;png;wav;mfcribbon-ms</Extensions>
    </Filter>
  </ItemGroup>
  <ItemGroup>
    <ClCompile Include="tests\integration\main.cpp">
      <Filter>Source Files</Filter>
    </ClCompile>
    <ClCompile Include="src\models\aerodynamics.cpp">
      <Filter>Source Files</Filter>
    </ClCompile>
    <ClCompile Include="src\entities\flight\altimeter_user_commands.cpp">
      <Filter>Source Files</Filter>
    </ClCompile>
    <ClCompile Include="src\entities\flight\atmosphere.cpp">
      <Filter>Source Files</Filter>
    </ClCompile>
    <ClCompile Include="src\models\atmosphere_isa.cpp">
      <Filter>Source Files</Filter>
    </ClCompile>
    <ClCompile Include="src\entities\design\configuration.cpp">
      <Filter>Source Files</Filter>
    </ClCompile>
    <ClCompile Include="src\entities\flight\drag.cpp">
      <Filter>Source Files</Filter>
    </ClCompile>
    <ClCompile Include="src\entities\entity.cpp">
      <Filter>Source Files</Filter>
    </ClCompile>
    <ClCompile Include="src\entities\entity_manager.cpp">
      <Filter>Source Files</Filter>
    </ClCompile>
    <ClCompile Include="src\entities\flight\experiment.cpp">
      <Filter>Source Files</Filter>
    </ClCompile>
    <ClCompile Include="src\entities\flight\experimental_data.cpp">
      <Filter>Source Files</Filter>
    </ClCompile>
    <ClCompile Include="src\entities\flight\flight.cpp">
      <Filter>Source Files</Filter>
    </ClCompile>
    <ClCompile Include="src\entities\flight\flight_data.cpp">
      <Filter>Source Files</Filter>
    </ClCompile>
    <ClCompile Include="src\entities\flight\location.cpp">
      <Filter>Source Files</Filter>
    </ClCompile>
    <ClCompile Include="src\entities\design\material.cpp">
      <Filter>Source Files</Filter>
    </ClCompile>
    <ClCompile Include="src\utils\math_utilities.cpp">
      <Filter>Source Files</Filter>
    </ClCompile>
    <ClCompile Include="src\utils\matrix.cpp">
      <Filter>Source Files</Filter>
    </ClCompile>
    <ClCompile Include="src\entities\flight\motor.cpp">
      <Filter>Source Files</Filter>
    </ClCompile>
    <ClCompile Include="src\utils\parse.cpp">
      <Filter>Source Files</Filter>
    </ClCompile>
    <ClCompile Include="src\entities\design\part.cpp">
      <Filter>Source Files</Filter>
    </ClCompile>
    <ClCompile Include="src\entities\design\part_bulkhead.cpp">
      <Filter>Source Files</Filter>
    </ClCompile>
    <ClCompile Include="src\entities\design\part_fins.cpp">
      <Filter>Source Files</Filter>
    </ClCompile>
    <ClCompile Include="src\entities\design\part_instance.cpp">
      <Filter>Source Files</Filter>
    </ClCompile>
    <ClCompile Include="src\entities\design\part_nosecone.cpp">
      <Filter>Source Files</Filter>
    </ClCompile>
    <ClCompile Include="src\entities\design\part_parachute.cpp">
      <Filter>Source Files</Filter>
    </ClCompile>
    <ClCompile Include="src\entities\design\part_point_mass.cpp">
      <Filter>Source Files</Filter>
    </ClCompile>
    <ClCompile Include="src\entities\design\part_tube_body.cpp">
      <Filter>Source Files</Filter>
    </ClCompile>
    <ClCompile Include="src\entities\design\part_tube_inner.cpp">
      <Filter>Source Files</Filter>
    </ClCompile>
    <ClCompile Include="src\entities\design\rocket.cpp">
      <Filter>Source Files</Filter>
    </ClCompile>
    <ClCompile Include="src\entities\flight\simulation.cpp">
      <Filter>Source Files</Filter>
    </ClCompile>
    <ClCompile Include="src\entities\flight\simulation_data.cpp">
      <Filter>Source Files</Filter>
    </ClCompile>
    <ClCompile Include="src\entities\flight\simulation_user_command.cpp">
      <Filter>Source Files</Filter>
    </ClCompile>
    <ClCompile Include="src\entities\design\stage.cpp">
      <Filter>Source Files</Filter>
    </ClCompile>
    <ClCompile Include="src\models\kalman_state.cpp">
      <Filter>Source Files</Filter>
    </ClCompile>
    <ClCompile Include="src\entities\design\fin_shape.cpp">
      <Filter>Source Files</Filter>
    </ClCompile>
  </ItemGroup>
  <ItemGroup>
    <ClInclude Include="src\models\aerodynamics.h">
      <Filter>Header Files</Filter>
    </ClInclude>
    <ClInclude Include="src\entities\flight\altimeter_user_commands.h">
      <Filter>Header Files</Filter>
    </ClInclude>
    <ClInclude Include="src\entities\flight\atmosphere.h">
      <Filter>Header Files</Filter>
    </ClInclude>
    <ClInclude Include="src\entities\design\fin_shape.h">
      <Filter>Header Files</Filter>
    </ClInclude>
    <ClInclude Include="src\models\atmosphere_isa.h">
      <Filter>Header Files</Filter>
    </ClInclude>
    <ClInclude Include="src\entities\design\configuration.h">
      <Filter>Header Files</Filter>
    </ClInclude>
    <ClInclude Include="src\entities\flight\drag.h">
      <Filter>Header Files</Filter>
    </ClInclude>
    <ClInclude Include="src\entities\entity.h">
      <Filter>Header Files</Filter>
    </ClInclude>
    <ClInclude Include="src\entities\entity_manager.h">
      <Filter>Header Files</Filter>
    </ClInclude>
    <ClInclude Include="src\entities\flight\experiment.h">
      <Filter>Header Files</Filter>
    </ClInclude>
    <ClInclude Include="src\entities\flight\experimental_data.h">
      <Filter>Header Files</Filter>
    </ClInclude>
    <ClInclude Include="src\entities\flight\flight.h">
      <Filter>Header Files</Filter>
    </ClInclude>
    <ClInclude Include="src\entities\flight\flight_data.h">
      <Filter>Header Files</Filter>
    </ClInclude>
    <ClInclude Include="src\entities\flight\location.h">
      <Filter>Header Files</Filter>
    </ClInclude>
    <ClInclude Include="src\entities\design\material.h">
      <Filter>Header Files</Filter>
    </ClInclude>
    <ClInclude Include="src\utils\math_utilities.h">
      <Filter>Header Files</Filter>
    </ClInclude>
    <ClInclude Include="src\utils\matrix.h">
      <Filter>Header Files</Filter>
    </ClInclude>
    <ClInclude Include="src\entities\flight\motor.h">
      <Filter>Header Files</Filter>
    </ClInclude>
    <ClInclude Include="src\utils\parse.h">
      <Filter>Header Files</Filter>
    </ClInclude>
    <ClInclude Include="src\entities\design\part.h">
      <Filter>Header Files</Filter>
    </ClInclude>
    <ClInclude Include="src\entities\design\part_bulkhead.h">
      <Filter>Header Files</Filter>
    </ClInclude>
    <ClInclude Include="src\entities\design\part_fins.h">
      <Filter>Header Files</Filter>
    </ClInclude>
    <ClInclude Include="src\entities\design\part_instance.h">
      <Filter>Header Files</Filter>
    </ClInclude>
    <ClInclude Include="src\entities\design\part_nosecone.h">
      <Filter>Header Files</Filter>
    </ClInclude>
    <ClInclude Include="src\entities\design\part_parachute.h">
      <Filter>Header Files</Filter>
    </ClInclude>
    <ClInclude Include="src\entities\design\part_point_mass.h">
      <Filter>Header Files</Filter>
    </ClInclude>
    <ClInclude Include="src\entities\design\part_tube_body.h">
      <Filter>Header Files</Filter>
    </ClInclude>
    <ClInclude Include="src\entities\design\part_tube_inner.h">
      <Filter>Header Files</Filter>
    </ClInclude>
    <ClInclude Include="src\entities\design\rocket.h">
      <Filter>Header Files</Filter>
    </ClInclude>
    <ClInclude Include="src\entities\flight\simulation.h">
      <Filter>Header Files</Filter>
    </ClInclude>
    <ClInclude Include="src\entities\flight\simulation_data.h">
      <Filter>Header Files</Filter>
    </ClInclude>
    <ClInclude Include="src\entities\flight\simulation_user_command.h">
      <Filter>Header Files</Filter>
    </ClInclude>
    <ClInclude Include="src\entities\design\stage.h">
      <Filter>Header Files</Filter>
    </ClInclude>
    <ClInclude Include="src\models\kalman_state.h">
      <Filter>Header Files</Filter>
    </ClInclude>
  </ItemGroup>
</Project>