<?xml version="1.0" encoding="utf-8"?>
<Project ToolsVersion="4.0" xmlns="http://schemas.microsoft.com/developer/msbuild/2003">
  <ItemGroup>
    <Filter Include="Resource Files">
      <UniqueIdentifier>{67DA6AB6-F800-4c08-8B7A-83BB121AAD01}</UniqueIdentifier>
      <Extensions>rc;ico;cur;bmp;dlg;rc2;rct;bin;rgs;gif;jpg;jpeg;jpe;resx;tiff;tif;png;wav;mfcribbon-ms</Extensions>
    </Filter>
    <Filter Include="Header Files">
      <UniqueIdentifier>{ee2b1eef-106c-4f08-8db0-cd8c94ea5805}</UniqueIdentifier>
    </Filter>
    <Filter Include="Source Files">
      <UniqueIdentifier>{0d236c42-0eb1-4d24-9a8e-141457d37638}</UniqueIdentifier>
    </Filter>
  </ItemGroup>
  <ItemGroup>
    <ClCompile Include="aerodynamics\Aerodynamics.cpp">
      <Filter>Source Files</Filter>
    </ClCompile>
    <ClCompile Include="entities\design\Bulkhead.cpp">
      <Filter>Source Files</Filter>
    </ClCompile>
    <ClCompile Include="entities\design\Configuration.cpp">
      <Filter>Source Files</Filter>
    </ClCompile>
    <ClCompile Include="entities\design\Fins.cpp">
      <Filter>Source Files</Filter>
    </ClCompile>
    <ClCompile Include="entities\design\FinShape.cpp">
      <Filter>Source Files</Filter>
    </ClCompile>
    <ClCompile Include="entities\design\Instance.cpp">
      <Filter>Source Files</Filter>
    </ClCompile>
    <ClCompile Include="main.cpp">
      <Filter>Source Files</Filter>
    </ClCompile>
    <ClCompile Include="entities\design\ManageMass.cpp">
      <Filter>Source Files</Filter>
    </ClCompile>
    <ClCompile Include="entities\design\Mass.cpp">
      <Filter>Source Files</Filter>
    </ClCompile>
    <ClCompile Include="entities\design\Material.cpp">
      <Filter>Source Files</Filter>
    </ClCompile>
    <ClCompile Include="utils\MathUtilities.cpp">
      <Filter>Source Files</Filter>
    </ClCompile>
    <ClCompile Include="entities\design\Nosecone.cpp">
      <Filter>Source Files</Filter>
    </ClCompile>
    <ClCompile Include="entities\design\Parachute.cpp">
      <Filter>Source Files</Filter>
    </ClCompile>
    <ClCompile Include="entities\design\Part.cpp">
      <Filter>Source Files</Filter>
    </ClCompile>
    <ClCompile Include="entities\design\TubeBody.cpp">
      <Filter>Source Files</Filter>
    </ClCompile>
    <ClCompile Include="entities\design\TubeInner.cpp">
      <Filter>Source Files</Filter>
    </ClCompile>
    <ClCompile Include="entities\models\Motor.cpp" />
    <ClCompile Include="entities\models\Drag.cpp" />
    <ClCompile Include="entities\flight\FlightData.cpp" />
    <ClCompile Include="entities\flight\Simulation.cpp" />
    <ClCompile Include="entities\flight\Experimental.cpp" />
    <ClCompile Include="entities\flight\SimulationEvent.cpp" />
    <ClCompile Include="utils\Parse.cpp" />
    <ClCompile Include="aerodynamics\Atmosphere_ISA.cpp" />
    <ClCompile Include="entities\models\Atmosphere.cpp" />
    <ClCompile Include="entities\design\Rocket.cpp" />
    <ClCompile Include="Database.cpp" />
  </ItemGroup>
  <ItemGroup>
    <ClInclude Include="aerodynamics\Aerodynamics.h">
      <Filter>Header Files</Filter>
    </ClInclude>
    <ClInclude Include="entities\design\Bulkhead.h">
      <Filter>Header Files</Filter>
    </ClInclude>
    <ClInclude Include="entities\design\Configuration.h">
      <Filter>Header Files</Filter>
    </ClInclude>
    <ClInclude Include="entities\design\Fins.h">
      <Filter>Header Files</Filter>
    </ClInclude>
    <ClInclude Include="entities\design\FinShape.h">
      <Filter>Header Files</Filter>
    </ClInclude>
    <ClInclude Include="entities\design\Instance.h">
      <Filter>Header Files</Filter>
    </ClInclude>
    <ClInclude Include="entities\design\ManageMass.h">
      <Filter>Header Files</Filter>
    </ClInclude>
    <ClInclude Include="entities\design\Mass.h">
      <Filter>Header Files</Filter>
    </ClInclude>
    <ClInclude Include="entities\design\Material.h">
      <Filter>Header Files</Filter>
    </ClInclude>
    <ClInclude Include="utils\MathUtilities.h">
      <Filter>Header Files</Filter>
    </ClInclude>
    <ClInclude Include="entities\design\Nosecone.h">
      <Filter>Header Files</Filter>
    </ClInclude>
    <ClInclude Include="entities\design\Parachute.h">
      <Filter>Header Files</Filter>
    </ClInclude>
    <ClInclude Include="entities\design\Part.h">
      <Filter>Header Files</Filter>
    </ClInclude>
    <ClInclude Include="entities\design\TubeBody.h">
      <Filter>Header Files</Filter>
    </ClInclude>
    <ClInclude Include="entities\design\TubeInner.h">
      <Filter>Header Files</Filter>
    </ClInclude>
    <ClInclude Include="entities\models\Motor.h" />
    <ClInclude Include="entities\models\Drag.h" />
    <ClInclude Include="entities\flight\FlightData.h" />
    <ClInclude Include="entities\flight\Simulation.h" />
    <ClInclude Include="entities\flight\Experimental.h" />
    <ClInclude Include="entities\flight\SimulationEvent.h" />
    <ClInclude Include="utils\Parse.h" />
    <ClInclude Include="aerodynamics\Atmosphere_ISA.h" />
    <ClInclude Include="entities\models\Atmosphere.h" />
    <ClInclude Include="entities\design\Rocket.h" />
    <ClInclude Include="Database.h" />
  </ItemGroup>
</Project>