
Microsoft Visual Studio Solution File, Format Version 12.00
# Visual Studio 15
VisualStudioVersion = 15.0.28307.757
MinimumVisualStudioVersion = 10.0.40219.1
Project("{8BC9CEB8-8B4A-11D0-8D11-00A0C91BC942}") = "embedded", "embedded\embedded.vcxproj", "{C5F80730-F44F-4478-BDAE-6634EFC2CA88}"
EndProject
Project("{8BC9CEB8-8B4A-11D0-8D11-00A0C91BC942}") = "unitTest", "unitTest\unitTest.vcxproj", "{4A39B329-F3A9-4E0C-BE21-377F1D5964D4}"
EndProject
Project("{8BC9CEB8-8B4A-11D0-8D11-00A0C91BC942}") = "Wire", "..\..\..\..\AppData\Local\arduino15\packages\arduino\hardware\samd\1.6.19\libraries\Wire\Wire.vcxitems", "{D0EE87F1-7CAF-4963-94F0-887669AF1F87}"
EndProject
Project("{8BC9CEB8-8B4A-11D0-8D11-00A0C91BC942}") = "SPI", "..\..\..\..\AppData\Local\arduino15\packages\arduino\hardware\samd\1.6.19\libraries\SPI\SPI.vcxitems", "{3EB4A571-2C91-4DD7-855B-F706FE7778B0}"
EndProject
Project("{8BC9CEB8-8B4A-11D0-8D11-00A0C91BC942}") = "processDataTest", "processDataTest\processDataTest.vcxproj", "{D581872E-2C1A-4B2E-94F6-6510EE283C23}"
EndProject
Project("{888888A0-9F3D-457C-B088-3A5042F75D52}") = "python_plotData", "processDataTest\python_plotData\python_plotData.pyproj", "{97FBFEFA-36E4-4878-9AF4-CEEF388D71FA}"
EndProject
Project("{8BC9CEB8-8B4A-11D0-8D11-00A0C91BC942}") = "MS5607_raw", "hardwareTests\MS5607_raw\MS5607_raw.vcxproj", "{73D9DDFC-8608-4249-92BB-612A8DE34C44}"
EndProject
Project("{8BC9CEB8-8B4A-11D0-8D11-00A0C91BC942}") = "H3LIS_raw", "hardwareTests\H3LIS_raw\H3LIS_raw.vcxproj", "{7BDDA3B0-12D7-4B51-B931-8D93174498E7}"
EndProject
Project("{8BC9CEB8-8B4A-11D0-8D11-00A0C91BC942}") = "MPU6050_raw", "hardwareTests\MPU6050_raw\MPU6050_raw.vcxproj", "{355EBB38-8749-4B3C-8453-EF8A5BA2B3A9}"
EndProject
Project("{8BC9CEB8-8B4A-11D0-8D11-00A0C91BC942}") = "sensorClassTest", "hardwareTests\sensorClassTest\sensorClassTest.vcxproj", "{69E921FA-23C1-4002-92A9-D84C4F78BC45}"
EndProject
Project("{8BC9CEB8-8B4A-11D0-8D11-00A0C91BC942}") = "dataStorageTest", "hardwareTests\dataStorageTest\dataStorageTest.vcxproj", "{6A95E5B8-2153-45E1-B998-BB0641ED1885}"
EndProject
Project("{8BC9CEB8-8B4A-11D0-8D11-00A0C91BC942}") = "pyroContinuityTest", "hardwareTests\pyroContinuityTest\pyroContinuityTest.vcxproj", "{F014E7D8-615C-482B-A81B-5E2B5369E7AD}"
EndProject
Project("{8BC9CEB8-8B4A-11D0-8D11-00A0C91BC942}") = "pyroOutputTest", "hardwareTests\pyroOutputTest\pyroOutputTest.vcxproj", "{8CE1D345-BC49-4272-A7E8-48B95DCCAD3F}"
EndProject
Project("{8BC9CEB8-8B4A-11D0-8D11-00A0C91BC942}") = "voltageTest_raw", "hardwareTests\voltageTest_raw\voltageTest_raw.vcxproj", "{B7FB8284-34B3-495F-AC3D-3534637F9488}"
EndProject
Project("{8BC9CEB8-8B4A-11D0-8D11-00A0C91BC942}") = "userSettings_test", "hardwareTests\userSettings_test\userSettings_test.vcxproj", "{AE987B91-D635-4BCA-926D-BD828E8D1D2C}"
EndProject
Global
	GlobalSection(SolutionConfigurationPlatforms) = preSolution
		Debug|Any CPU = Debug|Any CPU
		Debug|x64 = Debug|x64
		Debug|x86 = Debug|x86
		Release|Any CPU = Release|Any CPU
		Release|x64 = Release|x64
		Release|x86 = Release|x86
	EndGlobalSection
	GlobalSection(ProjectConfigurationPlatforms) = postSolution
		{C5F80730-F44F-4478-BDAE-6634EFC2CA88}.Debug|Any CPU.ActiveCfg = Debug|Win32
		{C5F80730-F44F-4478-BDAE-6634EFC2CA88}.Debug|x64.ActiveCfg = Debug|Win32
		{C5F80730-F44F-4478-BDAE-6634EFC2CA88}.Debug|x86.ActiveCfg = Debug|Win32
		{C5F80730-F44F-4478-BDAE-6634EFC2CA88}.Debug|x86.Build.0 = Debug|Win32
		{C5F80730-F44F-4478-BDAE-6634EFC2CA88}.Release|Any CPU.ActiveCfg = Release|Win32
		{C5F80730-F44F-4478-BDAE-6634EFC2CA88}.Release|x64.ActiveCfg = Release|Win32
		{C5F80730-F44F-4478-BDAE-6634EFC2CA88}.Release|x86.ActiveCfg = Release|Win32
		{C5F80730-F44F-4478-BDAE-6634EFC2CA88}.Release|x86.Build.0 = Release|Win32
		{4A39B329-F3A9-4E0C-BE21-377F1D5964D4}.Debug|Any CPU.ActiveCfg = Debug|Win32
		{4A39B329-F3A9-4E0C-BE21-377F1D5964D4}.Debug|x64.ActiveCfg = Debug|x64
		{4A39B329-F3A9-4E0C-BE21-377F1D5964D4}.Debug|x64.Build.0 = Debug|x64
		{4A39B329-F3A9-4E0C-BE21-377F1D5964D4}.Debug|x86.ActiveCfg = Debug|Win32
		{4A39B329-F3A9-4E0C-BE21-377F1D5964D4}.Debug|x86.Build.0 = Debug|Win32
		{4A39B329-F3A9-4E0C-BE21-377F1D5964D4}.Release|Any CPU.ActiveCfg = Release|Win32
		{4A39B329-F3A9-4E0C-BE21-377F1D5964D4}.Release|x64.ActiveCfg = Release|x64
		{4A39B329-F3A9-4E0C-BE21-377F1D5964D4}.Release|x64.Build.0 = Release|x64
		{4A39B329-F3A9-4E0C-BE21-377F1D5964D4}.Release|x86.ActiveCfg = Release|Win32
		{4A39B329-F3A9-4E0C-BE21-377F1D5964D4}.Release|x86.Build.0 = Release|Win32
		{D581872E-2C1A-4B2E-94F6-6510EE283C23}.Debug|Any CPU.ActiveCfg = Debug|Win32
		{D581872E-2C1A-4B2E-94F6-6510EE283C23}.Debug|x64.ActiveCfg = Debug|x64
		{D581872E-2C1A-4B2E-94F6-6510EE283C23}.Debug|x64.Build.0 = Debug|x64
		{D581872E-2C1A-4B2E-94F6-6510EE283C23}.Debug|x86.ActiveCfg = Debug|Win32
		{D581872E-2C1A-4B2E-94F6-6510EE283C23}.Debug|x86.Build.0 = Debug|Win32
		{D581872E-2C1A-4B2E-94F6-6510EE283C23}.Release|Any CPU.ActiveCfg = Release|Win32
		{D581872E-2C1A-4B2E-94F6-6510EE283C23}.Release|x64.ActiveCfg = Release|x64
		{D581872E-2C1A-4B2E-94F6-6510EE283C23}.Release|x64.Build.0 = Release|x64
		{D581872E-2C1A-4B2E-94F6-6510EE283C23}.Release|x86.ActiveCfg = Release|Win32
		{D581872E-2C1A-4B2E-94F6-6510EE283C23}.Release|x86.Build.0 = Release|Win32
		{97FBFEFA-36E4-4878-9AF4-CEEF388D71FA}.Debug|Any CPU.ActiveCfg = Debug|Any CPU
		{97FBFEFA-36E4-4878-9AF4-CEEF388D71FA}.Debug|x64.ActiveCfg = Debug|Any CPU
		{97FBFEFA-36E4-4878-9AF4-CEEF388D71FA}.Debug|x86.ActiveCfg = Debug|Any CPU
		{97FBFEFA-36E4-4878-9AF4-CEEF388D71FA}.Release|Any CPU.ActiveCfg = Release|Any CPU
		{97FBFEFA-36E4-4878-9AF4-CEEF388D71FA}.Release|x64.ActiveCfg = Release|Any CPU
		{97FBFEFA-36E4-4878-9AF4-CEEF388D71FA}.Release|x86.ActiveCfg = Release|Any CPU
		{73D9DDFC-8608-4249-92BB-612A8DE34C44}.Debug|Any CPU.ActiveCfg = Debug|Win32
		{73D9DDFC-8608-4249-92BB-612A8DE34C44}.Debug|x64.ActiveCfg = Debug|Win32
		{73D9DDFC-8608-4249-92BB-612A8DE34C44}.Debug|x86.ActiveCfg = Debug|Win32
		{73D9DDFC-8608-4249-92BB-612A8DE34C44}.Debug|x86.Build.0 = Debug|Win32
		{73D9DDFC-8608-4249-92BB-612A8DE34C44}.Release|Any CPU.ActiveCfg = Release|Win32
		{73D9DDFC-8608-4249-92BB-612A8DE34C44}.Release|x64.ActiveCfg = Release|Win32
		{73D9DDFC-8608-4249-92BB-612A8DE34C44}.Release|x86.ActiveCfg = Release|Win32
		{73D9DDFC-8608-4249-92BB-612A8DE34C44}.Release|x86.Build.0 = Release|Win32
		{7BDDA3B0-12D7-4B51-B931-8D93174498E7}.Debug|Any CPU.ActiveCfg = Debug|Win32
		{7BDDA3B0-12D7-4B51-B931-8D93174498E7}.Debug|x64.ActiveCfg = Debug|Win32
		{7BDDA3B0-12D7-4B51-B931-8D93174498E7}.Debug|x86.ActiveCfg = Debug|Win32
		{7BDDA3B0-12D7-4B51-B931-8D93174498E7}.Debug|x86.Build.0 = Debug|Win32
		{7BDDA3B0-12D7-4B51-B931-8D93174498E7}.Release|Any CPU.ActiveCfg = Release|Win32
		{7BDDA3B0-12D7-4B51-B931-8D93174498E7}.Release|x64.ActiveCfg = Release|Win32
		{7BDDA3B0-12D7-4B51-B931-8D93174498E7}.Release|x86.ActiveCfg = Release|Win32
		{7BDDA3B0-12D7-4B51-B931-8D93174498E7}.Release|x86.Build.0 = Release|Win32
		{355EBB38-8749-4B3C-8453-EF8A5BA2B3A9}.Debug|Any CPU.ActiveCfg = Debug|Win32
		{355EBB38-8749-4B3C-8453-EF8A5BA2B3A9}.Debug|x64.ActiveCfg = Debug|Win32
		{355EBB38-8749-4B3C-8453-EF8A5BA2B3A9}.Debug|x86.ActiveCfg = Debug|Win32
		{355EBB38-8749-4B3C-8453-EF8A5BA2B3A9}.Debug|x86.Build.0 = Debug|Win32
		{355EBB38-8749-4B3C-8453-EF8A5BA2B3A9}.Release|Any CPU.ActiveCfg = Release|Win32
		{355EBB38-8749-4B3C-8453-EF8A5BA2B3A9}.Release|x64.ActiveCfg = Release|Win32
		{355EBB38-8749-4B3C-8453-EF8A5BA2B3A9}.Release|x86.ActiveCfg = Release|Win32
		{355EBB38-8749-4B3C-8453-EF8A5BA2B3A9}.Release|x86.Build.0 = Release|Win32
		{69E921FA-23C1-4002-92A9-D84C4F78BC45}.Debug|Any CPU.ActiveCfg = Debug|Win32
		{69E921FA-23C1-4002-92A9-D84C4F78BC45}.Debug|x64.ActiveCfg = Debug|Win32
		{69E921FA-23C1-4002-92A9-D84C4F78BC45}.Debug|x86.ActiveCfg = Debug|Win32
		{69E921FA-23C1-4002-92A9-D84C4F78BC45}.Debug|x86.Build.0 = Debug|Win32
		{69E921FA-23C1-4002-92A9-D84C4F78BC45}.Release|Any CPU.ActiveCfg = Release|Win32
		{69E921FA-23C1-4002-92A9-D84C4F78BC45}.Release|x64.ActiveCfg = Release|Win32
		{69E921FA-23C1-4002-92A9-D84C4F78BC45}.Release|x86.ActiveCfg = Release|Win32
		{69E921FA-23C1-4002-92A9-D84C4F78BC45}.Release|x86.Build.0 = Release|Win32
		{6A95E5B8-2153-45E1-B998-BB0641ED1885}.Debug|Any CPU.ActiveCfg = Debug|Win32
		{6A95E5B8-2153-45E1-B998-BB0641ED1885}.Debug|x64.ActiveCfg = Debug|Win32
		{6A95E5B8-2153-45E1-B998-BB0641ED1885}.Debug|x86.ActiveCfg = Debug|Win32
		{6A95E5B8-2153-45E1-B998-BB0641ED1885}.Debug|x86.Build.0 = Debug|Win32
		{6A95E5B8-2153-45E1-B998-BB0641ED1885}.Release|Any CPU.ActiveCfg = Release|Win32
		{6A95E5B8-2153-45E1-B998-BB0641ED1885}.Release|x64.ActiveCfg = Release|Win32
		{6A95E5B8-2153-45E1-B998-BB0641ED1885}.Release|x86.ActiveCfg = Release|Win32
		{6A95E5B8-2153-45E1-B998-BB0641ED1885}.Release|x86.Build.0 = Release|Win32
		{F014E7D8-615C-482B-A81B-5E2B5369E7AD}.Debug|Any CPU.ActiveCfg = Debug|Win32
		{F014E7D8-615C-482B-A81B-5E2B5369E7AD}.Debug|x64.ActiveCfg = Debug|Win32
		{F014E7D8-615C-482B-A81B-5E2B5369E7AD}.Debug|x86.ActiveCfg = Debug|Win32
		{F014E7D8-615C-482B-A81B-5E2B5369E7AD}.Debug|x86.Build.0 = Debug|Win32
		{F014E7D8-615C-482B-A81B-5E2B5369E7AD}.Release|Any CPU.ActiveCfg = Release|Win32
		{F014E7D8-615C-482B-A81B-5E2B5369E7AD}.Release|x64.ActiveCfg = Release|Win32
		{F014E7D8-615C-482B-A81B-5E2B5369E7AD}.Release|x86.ActiveCfg = Release|Win32
		{F014E7D8-615C-482B-A81B-5E2B5369E7AD}.Release|x86.Build.0 = Release|Win32
		{8CE1D345-BC49-4272-A7E8-48B95DCCAD3F}.Debug|Any CPU.ActiveCfg = Debug|Win32
		{8CE1D345-BC49-4272-A7E8-48B95DCCAD3F}.Debug|x64.ActiveCfg = Debug|Win32
		{8CE1D345-BC49-4272-A7E8-48B95DCCAD3F}.Debug|x86.ActiveCfg = Debug|Win32
		{8CE1D345-BC49-4272-A7E8-48B95DCCAD3F}.Debug|x86.Build.0 = Debug|Win32
		{8CE1D345-BC49-4272-A7E8-48B95DCCAD3F}.Release|Any CPU.ActiveCfg = Release|Win32
		{8CE1D345-BC49-4272-A7E8-48B95DCCAD3F}.Release|x64.ActiveCfg = Release|Win32
		{8CE1D345-BC49-4272-A7E8-48B95DCCAD3F}.Release|x86.ActiveCfg = Release|Win32
		{8CE1D345-BC49-4272-A7E8-48B95DCCAD3F}.Release|x86.Build.0 = Release|Win32
		{B7FB8284-34B3-495F-AC3D-3534637F9488}.Debug|Any CPU.ActiveCfg = Debug|Win32
		{B7FB8284-34B3-495F-AC3D-3534637F9488}.Debug|x64.ActiveCfg = Debug|Win32
		{B7FB8284-34B3-495F-AC3D-3534637F9488}.Debug|x86.ActiveCfg = Debug|Win32
		{B7FB8284-34B3-495F-AC3D-3534637F9488}.Debug|x86.Build.0 = Debug|Win32
		{B7FB8284-34B3-495F-AC3D-3534637F9488}.Release|Any CPU.ActiveCfg = Release|Win32
		{B7FB8284-34B3-495F-AC3D-3534637F9488}.Release|x64.ActiveCfg = Release|Win32
		{B7FB8284-34B3-495F-AC3D-3534637F9488}.Release|x86.ActiveCfg = Release|Win32
		{B7FB8284-34B3-495F-AC3D-3534637F9488}.Release|x86.Build.0 = Release|Win32
		{AE987B91-D635-4BCA-926D-BD828E8D1D2C}.Debug|Any CPU.ActiveCfg = Debug|Win32
		{AE987B91-D635-4BCA-926D-BD828E8D1D2C}.Debug|x64.ActiveCfg = Debug|Win32
		{AE987B91-D635-4BCA-926D-BD828E8D1D2C}.Debug|x86.ActiveCfg = Debug|Win32
		{AE987B91-D635-4BCA-926D-BD828E8D1D2C}.Debug|x86.Build.0 = Debug|Win32
		{AE987B91-D635-4BCA-926D-BD828E8D1D2C}.Release|Any CPU.ActiveCfg = Release|Win32
		{AE987B91-D635-4BCA-926D-BD828E8D1D2C}.Release|x64.ActiveCfg = Release|Win32
		{AE987B91-D635-4BCA-926D-BD828E8D1D2C}.Release|x86.ActiveCfg = Release|Win32
		{AE987B91-D635-4BCA-926D-BD828E8D1D2C}.Release|x86.Build.0 = Release|Win32
	EndGlobalSection
	GlobalSection(SolutionProperties) = preSolution
		HideSolutionNode = FALSE
	EndGlobalSection
	GlobalSection(ExtensibilityGlobals) = postSolution
		SolutionGuid = {57B508AF-FBEA-4629-B2E6-9790580C4C52}
	EndGlobalSection
EndGlobal
